Microsoft Visual Studio Solution File, Format Version 12.00
# Visual Studio Version 17
VisualStudioVersion = 17.5.2.0
MinimumVisualStudioVersion = 10.0.40219.1
Project("{2150E333-8FDC-42A3-9474-1A3956D46DE8}") = "inmo", "inmo", "{419B6EAE-7EFA-75C6-F471-CA76A9E39B9B}"
EndProject
Project("{FAE04EC0-301F-11D3-BF4B-00C04F79EFBC}") = "api", "inmo\api\api.csproj", "{7503465A-D431-BECC-326C-0F56B1D9D26B}"
EndProject
Global
	GlobalSection(SolutionConfigurationPlatforms) = preSolution
		Debug|Any CPU = Debug|Any CPU
		Release|Any CPU = Release|Any CPU
	EndGlobalSection
	GlobalSection(ProjectConfigurationPlatforms) = postSolution
		{7503465A-D431-BECC-326C-0F56B1D9D26B}.Debug|Any CPU.ActiveCfg = Debug|Any CPU
		{7503465A-D431-BECC-326C-0F56B1D9D26B}.Debug|Any CPU.Build.0 = Debug|Any CPU
		{7503465A-D431-BECC-326C-0F56B1D9D26B}.Release|Any CPU.ActiveCfg = Release|Any CPU
		{7503465A-D431-BECC-326C-0F56B1D9D26B}.Release|Any CPU.Build.0 = Release|Any CPU
	EndGlobalSection
	GlobalSection(SolutionProperties) = preSolution
		HideSolutionNode = FALSE
	EndGlobalSection
	GlobalSection(NestedProjects) = preSolution
		{7503465A-D431-BECC-326C-0F56B1D9D26B} = {419B6EAE-7EFA-75C6-F471-CA76A9E39B9B}
	EndGlobalSection
	GlobalSection(ExtensibilityGlobals) = postSolution
		SolutionGuid = {6C8C1A7B-5805-43B7-BEF1-A307F652974E}
	EndGlobalSection
EndGlobal
